
Microsoft Visual Studio Solution File, Format Version 12.00
# Visual Studio Version 17
VisualStudioVersion = 17.10.35013.160
MinimumVisualStudioVersion = 10.0.40219.1
Project("{FAE04EC0-301F-11D3-BF4B-00C04F79EFBC}") = "BankomatsProgram", "BankomatsProgram\BankomatsProgram.csproj", "{6E7E4938-25BD-45B0-BDFE-F6BE4280E850}"
EndProject
Global
	GlobalSection(SolutionConfigurationPlatforms) = preSolution
		Debug|Any CPU = Debug|Any CPU
		Release|Any CPU = Release|Any CPU
	EndGlobalSection
	GlobalSection(ProjectConfigurationPlatforms) = postSolution
		{6E7E4938-25BD-45B0-BDFE-F6BE4280E850}.Debug|Any CPU.ActiveCfg = Debug|Any CPU
		{6E7E4938-25BD-45B0-BDFE-F6BE4280E850}.Debug|Any CPU.Build.0 = Debug|Any CPU
		{6E7E4938-25BD-45B0-BDFE-F6BE4280E850}.Release|Any CPU.ActiveCfg = Release|Any CPU
		{6E7E4938-25BD-45B0-BDFE-F6BE4280E850}.Release|Any CPU.Build.0 = Release|Any CPU
	EndGlobalSection
	GlobalSection(SolutionProperties) = preSolution
		HideSolutionNode = FALSE
	EndGlobalSection
	GlobalSection(ExtensibilityGlobals) = postSolution
		SolutionGuid = {E0D501C9-0FE6-46D3-B11A-B679E928214E}
	EndGlobalSection
EndGlobal
